# THIS IS AN AUTOGENERATED FILE. DO NOT EDIT THIS FILE DIRECTLY.
# yarn lockfile v1


binaryen@^63.0.0-nightly.20190115:
  version "63.0.0-nightly.20190115"
  resolved "https://registry.yarnpkg.com/binaryen/-/binaryen-63.0.0-nightly.20190115.tgz#3b84d45ab5317bf39bf843e952bb3082549863e2"
  integrity sha512-0cxpKTrfzMWvfVdorcwgEIm5nSiiOfwOEoe0EFEDFFyQGRIrWtsTA9BMdvaMw7tyocjJCjoczGdr9GYKnfcrXA==
